
Microsoft Visual Studio Solution File, Format Version 12.00
# Visual Studio Version 16
VisualStudioVersion = 16.0.31105.61
MinimumVisualStudioVersion = 10.0.40219.1
Project("{8BC9CEB8-8B4A-11D0-8D11-00A0C91BC942}") = "max_expression", "max_expression\max_expression.vcxproj", "{41108AD3-C15F-4EB4-91BE-98E1976ABC43}"
EndProject
Global
	GlobalSection(SolutionConfigurationPlatforms) = preSolution
		Debug|x64 = Debug|x64
		Debug|x86 = Debug|x86
		Release|x64 = Release|x64
		Release|x86 = Release|x86
	EndGlobalSection
	GlobalSection(ProjectConfigurationPlatforms) = postSolution
		{41108AD3-C15F-4EB4-91BE-98E1976ABC43}.Debug|x64.ActiveCfg = Debug|x64
		{41108AD3-C15F-4EB4-91BE-98E1976ABC43}.Debug|x64.Build.0 = Debug|x64
		{41108AD3-C15F-4EB4-91BE-98E1976ABC43}.Debug|x86.ActiveCfg = Debug|Win32
		{41108AD3-C15F-4EB4-91BE-98E1976ABC43}.Debug|x86.Build.0 = Debug|Win32
		{41108AD3-C15F-4EB4-91BE-98E1976ABC43}.Release|x64.ActiveCfg = Release|x64
		{41108AD3-C15F-4EB4-91BE-98E1976ABC43}.Release|x64.Build.0 = Release|x64
		{41108AD3-C15F-4EB4-91BE-98E1976ABC43}.Release|x86.ActiveCfg = Release|Win32
		{41108AD3-C15F-4EB4-91BE-98E1976ABC43}.Release|x86.Build.0 = Release|Win32
	EndGlobalSection
	GlobalSection(SolutionProperties) = preSolution
		HideSolutionNode = FALSE
	EndGlobalSection
	GlobalSection(ExtensibilityGlobals) = postSolution
		SolutionGuid = {DC07E267-93EE-4955-B928-E5C8C3EF19C7}
	EndGlobalSection
EndGlobal
